
Microsoft Visual Studio Solution File, Format Version 12.00
# Visual Studio Version 17
VisualStudioVersion = 17.13.35931.197 d17.13
MinimumVisualStudioVersion = 10.0.40219.1
Project("{FAE04EC0-301F-11D3-BF4B-00C04F79EFBC}") = "halado_prog2", "halado_prog2.csproj", "{07F26C8C-3538-4809-994E-1FC334FBC14D}"
EndProject
Global
	GlobalSection(SolutionConfigurationPlatforms) = preSolution
		Debug|Any CPU = Debug|Any CPU
		Release|Any CPU = Release|Any CPU
	EndGlobalSection
	GlobalSection(ProjectConfigurationPlatforms) = postSolution
		{07F26C8C-3538-4809-994E-1FC334FBC14D}.Debug|Any CPU.ActiveCfg = Debug|Any CPU
		{07F26C8C-3538-4809-994E-1FC334FBC14D}.Debug|Any CPU.Build.0 = Debug|Any CPU
		{07F26C8C-3538-4809-994E-1FC334FBC14D}.Release|Any CPU.ActiveCfg = Release|Any CPU
		{07F26C8C-3538-4809-994E-1FC334FBC14D}.Release|Any CPU.Build.0 = Release|Any CPU
	EndGlobalSection
	GlobalSection(SolutionProperties) = preSolution
		HideSolutionNode = FALSE
	EndGlobalSection
	GlobalSection(ExtensibilityGlobals) = postSolution
		SolutionGuid = {6BCF5489-7F71-4CC6-B033-B0126F12025D}
	EndGlobalSection
EndGlobal
