
Microsoft Visual Studio Solution File, Format Version 12.00
# Visual Studio Version 16
VisualStudioVersion = 16.0.34407.143
MinimumVisualStudioVersion = 10.0.40219.1
Project("{C9674DCB-5085-4A16-B785-4C70DD1589BD}") = "marc_18_2026", "marc_18_2026\marc_18_2026.dtproj", "{316FCBF6-63E1-475D-AD18-5AE708144BCA}"
EndProject
Global
	GlobalSection(SolutionConfigurationPlatforms) = preSolution
		Development|Default = Development|Default
	EndGlobalSection
	GlobalSection(ProjectConfigurationPlatforms) = postSolution
		{316FCBF6-63E1-475D-AD18-5AE708144BCA}.Development|Default.ActiveCfg = Development
		{316FCBF6-63E1-475D-AD18-5AE708144BCA}.Development|Default.Build.0 = Development
	EndGlobalSection
	GlobalSection(SolutionProperties) = preSolution
		HideSolutionNode = FALSE
	EndGlobalSection
	GlobalSection(ExtensibilityGlobals) = postSolution
		SolutionGuid = {1F8A89A6-D5B3-488F-BDAA-9725B5183437}
	EndGlobalSection
EndGlobal
