
Microsoft Visual Studio Solution File, Format Version 12.00
# Visual Studio Version 16
VisualStudioVersion = 16.0.34407.143
MinimumVisualStudioVersion = 10.0.40219.1
Project("{D2ABAB84-BF74-430A-B69E-9DC6D40DDA17}") = "nov25", "nov11\nov25.dwproj", "{E7F09946-7622-40E1-8C1D-AD2DAE0DCEBA}"
EndProject
Global
	GlobalSection(SolutionConfigurationPlatforms) = preSolution
		Development|Default = Development|Default
	EndGlobalSection
	GlobalSection(ProjectConfigurationPlatforms) = postSolution
		{E7F09946-7622-40E1-8C1D-AD2DAE0DCEBA}.Development|Default.ActiveCfg = Development
		{E7F09946-7622-40E1-8C1D-AD2DAE0DCEBA}.Development|Default.Build.0 = Development
		{E7F09946-7622-40E1-8C1D-AD2DAE0DCEBA}.Development|Default.Deploy.0 = Development
	EndGlobalSection
	GlobalSection(SolutionProperties) = preSolution
		HideSolutionNode = FALSE
	EndGlobalSection
	GlobalSection(ExtensibilityGlobals) = postSolution
		SolutionGuid = {FCAFFFF6-6554-4B12-BD02-1E68879C44C7}
	EndGlobalSection
EndGlobal
