
Microsoft Visual Studio Solution File, Format Version 12.00
# Visual Studio Version 18
VisualStudioVersion = 18.0.11222.15 d18.0
MinimumVisualStudioVersion = 10.0.40219.1
Project("{9A19103F-16F7-4668-BE54-9A1E7A4F7556}") = "TicTacToe_v0107", "TicTacToe_v0107\TicTacToe_v0107.csproj", "{77ECBB29-F038-4397-9501-528BD9F39C81}"
EndProject
Project("{FAE04EC0-301F-11D3-BF4B-00C04F79EFBC}") = "TestProject1", "TestProject1\TestProject1.csproj", "{77CBFB7E-97E3-4EDB-80E6-81A6F9738FA1}"
EndProject
Global
	GlobalSection(SolutionConfigurationPlatforms) = preSolution
		Debug|Any CPU = Debug|Any CPU
		Release|Any CPU = Release|Any CPU
	EndGlobalSection
	GlobalSection(ProjectConfigurationPlatforms) = postSolution
		{77ECBB29-F038-4397-9501-528BD9F39C81}.Debug|Any CPU.ActiveCfg = Debug|Any CPU
		{77ECBB29-F038-4397-9501-528BD9F39C81}.Debug|Any CPU.Build.0 = Debug|Any CPU
		{77ECBB29-F038-4397-9501-528BD9F39C81}.Release|Any CPU.ActiveCfg = Release|Any CPU
		{77ECBB29-F038-4397-9501-528BD9F39C81}.Release|Any CPU.Build.0 = Release|Any CPU
		{77CBFB7E-97E3-4EDB-80E6-81A6F9738FA1}.Debug|Any CPU.ActiveCfg = Debug|Any CPU
		{77CBFB7E-97E3-4EDB-80E6-81A6F9738FA1}.Debug|Any CPU.Build.0 = Debug|Any CPU
		{77CBFB7E-97E3-4EDB-80E6-81A6F9738FA1}.Release|Any CPU.ActiveCfg = Release|Any CPU
		{77CBFB7E-97E3-4EDB-80E6-81A6F9738FA1}.Release|Any CPU.Build.0 = Release|Any CPU
	EndGlobalSection
	GlobalSection(SolutionProperties) = preSolution
		HideSolutionNode = FALSE
	EndGlobalSection
	GlobalSection(ExtensibilityGlobals) = postSolution
		SolutionGuid = {06B232AC-ECD5-41C9-828C-2B66C9780AE2}
	EndGlobalSection
EndGlobal
